
Microsoft Visual Studio Solution File, Format Version 12.00
# Visual Studio Version 17
VisualStudioVersion = 17.0.31903.59
MinimumVisualStudioVersion = 10.0.40219.1
Project("{FAE04EC0-301F-11D3-BF4B-00C04F79EFBC}") = "SampleApp", "SampleApp\SampleApp.csproj", "{0B3E1F97-7E7C-4E56-9447-9CBC476CED8A}"
EndProject
Project("{2150E333-8FDC-42A3-9474-1A3956D46DE8}") = "Chapter2", "Chapter2", "{8AFF48BA-C3A4-4335-9ABF-5698B829B959}"
EndProject
Project("{2150E333-8FDC-42A3-9474-1A3956D46DE8}") = "DistanceConverter", "DistanceConverter", "{0813D335-FCF3-40A6-98B8-67717C3C9DE5}"
EndProject
Project("{FAE04EC0-301F-11D3-BF4B-00C04F79EFBC}") = "DistanceConverter", "Chapter2\DistanceConverter\DistanceConverter\DistanceConverter.csproj", "{51741F8A-1A95-4E86-B59B-F92EB87DBD7A}"
EndProject
Project("{FAE04EC0-301F-11D3-BF4B-00C04F79EFBC}") = "SalesCalclator", "Chapter2\SalesCalclator\SalesCalclator.csproj", "{39E3FEAB-C040-4022-BFDB-074BBB17CA0E}"
EndProject
Project("{FAE04EC0-301F-11D3-BF4B-00C04F79EFBC}") = "Practice", "Chapter2\Practice\Practice.csproj", "{C67FC3BF-024E-43E7-95BE-D287A242EB25}"
EndProject
Project("{2150E333-8FDC-42A3-9474-1A3956D46DE8}") = "Chapter3", "Chapter3", "{180DE72E-F19D-4291-94B9-614FFF24A0D6}"
EndProject
Project("{FAE04EC0-301F-11D3-BF4B-00C04F79EFBC}") = "Lambda", "Chapter3\Lambda\Lambda.csproj", "{AB6CB2DD-FB25-4A95-8DB3-2A0DA01B7205}"
EndProject
Project("{FAE04EC0-301F-11D3-BF4B-00C04F79EFBC}") = "Practice", "Chapter3\Practice\Practice.csproj", "{8811C0E0-8F7A-4B28-8603-4FEA547CBCF1}"
EndProject
Project("{2150E333-8FDC-42A3-9474-1A3956D46DE8}") = "Chapter4", "Chapter4", "{8564651D-78D0-41CB-81AC-0081B9C94000}"
EndProject
Project("{FAE04EC0-301F-11D3-BF4B-00C04F79EFBC}") = "Practice", "Chapter4\Practice\Practice.csproj", "{E2857E21-1C8E-4B21-A96E-5397B1358E91}"
EndProject
Project("{2150E333-8FDC-42A3-9474-1A3956D46DE8}") = "Chapter5", "Chapter5", "{885896B3-C577-4412-8DB7-B20F1538AC71}"
EndProject
Project("{FAE04EC0-301F-11D3-BF4B-00C04F79EFBC}") = "Practice", "Chapter5\Practice\Practice.csproj", "{956191EF-643E-451F-93BE-387C245D5AC5}"
EndProject
Global
	GlobalSection(SolutionConfigurationPlatforms) = preSolution
		Debug|Any CPU = Debug|Any CPU
		Release|Any CPU = Release|Any CPU
	EndGlobalSection
	GlobalSection(ProjectConfigurationPlatforms) = postSolution
		{0B3E1F97-7E7C-4E56-9447-9CBC476CED8A}.Debug|Any CPU.ActiveCfg = Debug|Any CPU
		{0B3E1F97-7E7C-4E56-9447-9CBC476CED8A}.Debug|Any CPU.Build.0 = Debug|Any CPU
		{0B3E1F97-7E7C-4E56-9447-9CBC476CED8A}.Release|Any CPU.ActiveCfg = Release|Any CPU
		{0B3E1F97-7E7C-4E56-9447-9CBC476CED8A}.Release|Any CPU.Build.0 = Release|Any CPU
		{51741F8A-1A95-4E86-B59B-F92EB87DBD7A}.Debug|Any CPU.ActiveCfg = Debug|Any CPU
		{51741F8A-1A95-4E86-B59B-F92EB87DBD7A}.Debug|Any CPU.Build.0 = Debug|Any CPU
		{51741F8A-1A95-4E86-B59B-F92EB87DBD7A}.Release|Any CPU.ActiveCfg = Release|Any CPU
		{51741F8A-1A95-4E86-B59B-F92EB87DBD7A}.Release|Any CPU.Build.0 = Release|Any CPU
		{39E3FEAB-C040-4022-BFDB-074BBB17CA0E}.Debug|Any CPU.ActiveCfg = Debug|Any CPU
		{39E3FEAB-C040-4022-BFDB-074BBB17CA0E}.Debug|Any CPU.Build.0 = Debug|Any CPU
		{39E3FEAB-C040-4022-BFDB-074BBB17CA0E}.Release|Any CPU.ActiveCfg = Release|Any CPU
		{39E3FEAB-C040-4022-BFDB-074BBB17CA0E}.Release|Any CPU.Build.0 = Release|Any CPU
		{C67FC3BF-024E-43E7-95BE-D287A242EB25}.Debug|Any CPU.ActiveCfg = Debug|Any CPU
		{C67FC3BF-024E-43E7-95BE-D287A242EB25}.Debug|Any CPU.Build.0 = Debug|Any CPU
		{C67FC3BF-024E-43E7-95BE-D287A242EB25}.Release|Any CPU.ActiveCfg = Release|Any CPU
		{C67FC3BF-024E-43E7-95BE-D287A242EB25}.Release|Any CPU.Build.0 = Release|Any CPU
		{AB6CB2DD-FB25-4A95-8DB3-2A0DA01B7205}.Debug|Any CPU.ActiveCfg = Debug|Any CPU
		{AB6CB2DD-FB25-4A95-8DB3-2A0DA01B7205}.Debug|Any CPU.Build.0 = Debug|Any CPU
		{AB6CB2DD-FB25-4A95-8DB3-2A0DA01B7205}.Release|Any CPU.ActiveCfg = Release|Any CPU
		{AB6CB2DD-FB25-4A95-8DB3-2A0DA01B7205}.Release|Any CPU.Build.0 = Release|Any CPU
		{8811C0E0-8F7A-4B28-8603-4FEA547CBCF1}.Debug|Any CPU.ActiveCfg = Debug|Any CPU
		{8811C0E0-8F7A-4B28-8603-4FEA547CBCF1}.Debug|Any CPU.Build.0 = Debug|Any CPU
		{8811C0E0-8F7A-4B28-8603-4FEA547CBCF1}.Release|Any CPU.ActiveCfg = Release|Any CPU
		{8811C0E0-8F7A-4B28-8603-4FEA547CBCF1}.Release|Any CPU.Build.0 = Release|Any CPU
		{E2857E21-1C8E-4B21-A96E-5397B1358E91}.Debug|Any CPU.ActiveCfg = Debug|Any CPU
		{E2857E21-1C8E-4B21-A96E-5397B1358E91}.Debug|Any CPU.Build.0 = Debug|Any CPU
		{E2857E21-1C8E-4B21-A96E-5397B1358E91}.Release|Any CPU.ActiveCfg = Release|Any CPU
		{E2857E21-1C8E-4B21-A96E-5397B1358E91}.Release|Any CPU.Build.0 = Release|Any CPU
		{956191EF-643E-451F-93BE-387C245D5AC5}.Debug|Any CPU.ActiveCfg = Debug|Any CPU
		{956191EF-643E-451F-93BE-387C245D5AC5}.Debug|Any CPU.Build.0 = Debug|Any CPU
		{956191EF-643E-451F-93BE-387C245D5AC5}.Release|Any CPU.ActiveCfg = Release|Any CPU
		{956191EF-643E-451F-93BE-387C245D5AC5}.Release|Any CPU.Build.0 = Release|Any CPU
	EndGlobalSection
	GlobalSection(SolutionProperties) = preSolution
		HideSolutionNode = FALSE
	EndGlobalSection
	GlobalSection(NestedProjects) = preSolution
		{0813D335-FCF3-40A6-98B8-67717C3C9DE5} = {8AFF48BA-C3A4-4335-9ABF-5698B829B959}
		{51741F8A-1A95-4E86-B59B-F92EB87DBD7A} = {0813D335-FCF3-40A6-98B8-67717C3C9DE5}
		{39E3FEAB-C040-4022-BFDB-074BBB17CA0E} = {8AFF48BA-C3A4-4335-9ABF-5698B829B959}
		{C67FC3BF-024E-43E7-95BE-D287A242EB25} = {8AFF48BA-C3A4-4335-9ABF-5698B829B959}
		{AB6CB2DD-FB25-4A95-8DB3-2A0DA01B7205} = {180DE72E-F19D-4291-94B9-614FFF24A0D6}
		{8811C0E0-8F7A-4B28-8603-4FEA547CBCF1} = {180DE72E-F19D-4291-94B9-614FFF24A0D6}
		{E2857E21-1C8E-4B21-A96E-5397B1358E91} = {8564651D-78D0-41CB-81AC-0081B9C94000}
		{956191EF-643E-451F-93BE-387C245D5AC5} = {885896B3-C577-4412-8DB7-B20F1538AC71}
	EndGlobalSection
EndGlobal
