
Microsoft Visual Studio Solution File, Format Version 12.00
# Visual Studio Version 17
VisualStudioVersion = 17.0.31903.59
MinimumVisualStudioVersion = 10.0.40219.1
Project("{FAE04EC0-301F-11D3-BF4B-00C04F79EFBC}") = "SampleApp", "SampleApp\SampleApp.csproj", "{0B3E1F97-7E7C-4E56-9447-9CBC476CED8A}"
EndProject
Project("{2150E333-8FDC-42A3-9474-1A3956D46DE8}") = "Chapter2", "Chapter2", "{8AFF48BA-C3A4-4335-9ABF-5698B829B959}"
EndProject
Project("{2150E333-8FDC-42A3-9474-1A3956D46DE8}") = "DistanceConverter", "DistanceConverter", "{0813D335-FCF3-40A6-98B8-67717C3C9DE5}"
EndProject
Project("{FAE04EC0-301F-11D3-BF4B-00C04F79EFBC}") = "DistanceConverter", "Chapter2\DistanceConverter\DistanceConverter\DistanceConverter.csproj", "{51741F8A-1A95-4E86-B59B-F92EB87DBD7A}"
EndProject
Project("{FAE04EC0-301F-11D3-BF4B-00C04F79EFBC}") = "SalesCalclator", "Chapter2\SalesCalclator\SalesCalclator.csproj", "{39E3FEAB-C040-4022-BFDB-074BBB17CA0E}"
EndProject
Global
	GlobalSection(SolutionConfigurationPlatforms) = preSolution
		Debug|Any CPU = Debug|Any CPU
		Release|Any CPU = Release|Any CPU
	EndGlobalSection
	GlobalSection(SolutionProperties) = preSolution
		HideSolutionNode = FALSE
	EndGlobalSection
	GlobalSection(ProjectConfigurationPlatforms) = postSolution
		{0B3E1F97-7E7C-4E56-9447-9CBC476CED8A}.Debug|Any CPU.ActiveCfg = Debug|Any CPU
		{0B3E1F97-7E7C-4E56-9447-9CBC476CED8A}.Debug|Any CPU.Build.0 = Debug|Any CPU
		{0B3E1F97-7E7C-4E56-9447-9CBC476CED8A}.Release|Any CPU.ActiveCfg = Release|Any CPU
		{0B3E1F97-7E7C-4E56-9447-9CBC476CED8A}.Release|Any CPU.Build.0 = Release|Any CPU
		{51741F8A-1A95-4E86-B59B-F92EB87DBD7A}.Debug|Any CPU.ActiveCfg = Debug|Any CPU
		{51741F8A-1A95-4E86-B59B-F92EB87DBD7A}.Debug|Any CPU.Build.0 = Debug|Any CPU
		{51741F8A-1A95-4E86-B59B-F92EB87DBD7A}.Release|Any CPU.ActiveCfg = Release|Any CPU
		{51741F8A-1A95-4E86-B59B-F92EB87DBD7A}.Release|Any CPU.Build.0 = Release|Any CPU
		{39E3FEAB-C040-4022-BFDB-074BBB17CA0E}.Debug|Any CPU.ActiveCfg = Debug|Any CPU
		{39E3FEAB-C040-4022-BFDB-074BBB17CA0E}.Debug|Any CPU.Build.0 = Debug|Any CPU
		{39E3FEAB-C040-4022-BFDB-074BBB17CA0E}.Release|Any CPU.ActiveCfg = Release|Any CPU
		{39E3FEAB-C040-4022-BFDB-074BBB17CA0E}.Release|Any CPU.Build.0 = Release|Any CPU
	EndGlobalSection
	GlobalSection(NestedProjects) = preSolution
		{0813D335-FCF3-40A6-98B8-67717C3C9DE5} = {8AFF48BA-C3A4-4335-9ABF-5698B829B959}
		{51741F8A-1A95-4E86-B59B-F92EB87DBD7A} = {0813D335-FCF3-40A6-98B8-67717C3C9DE5}
		{39E3FEAB-C040-4022-BFDB-074BBB17CA0E} = {8AFF48BA-C3A4-4335-9ABF-5698B829B959}
	EndGlobalSection
EndGlobal
